
Microsoft Visual Studio Solution File, Format Version 12.00
# Visual Studio Version 17
VisualStudioVersion = 17.5.002.0
MinimumVisualStudioVersion = 10.0.40219.1
Project("{9A19103F-16F7-4668-BE54-9A1E7A4F7556}") = "DynamicProxyGenerator", "DynamicProxyGenerator.csproj", "{F95895B8-6F6A-4840-958A-3C88BB8C0703}"
EndProject
Global
	GlobalSection(SolutionConfigurationPlatforms) = preSolution
		Debug|Any CPU = Debug|Any CPU
		Release|Any CPU = Release|Any CPU
	EndGlobalSection
	GlobalSection(ProjectConfigurationPlatforms) = postSolution
		{F95895B8-6F6A-4840-958A-3C88BB8C0703}.Debug|Any CPU.ActiveCfg = Debug|Any CPU
		{F95895B8-6F6A-4840-958A-3C88BB8C0703}.Debug|Any CPU.Build.0 = Debug|Any CPU
		{F95895B8-6F6A-4840-958A-3C88BB8C0703}.Release|Any CPU.ActiveCfg = Release|Any CPU
		{F95895B8-6F6A-4840-958A-3C88BB8C0703}.Release|Any CPU.Build.0 = Release|Any CPU
	EndGlobalSection
	GlobalSection(SolutionProperties) = preSolution
		HideSolutionNode = FALSE
	EndGlobalSection
	GlobalSection(ExtensibilityGlobals) = postSolution
		SolutionGuid = {EC429487-8DFB-4C77-A705-AB5CA323400F}
	EndGlobalSection
EndGlobal
